
Microsoft Visual Studio Solution File, Format Version 12.00
# Visual Studio Version 16
VisualStudioVersion = 16.0.30114.105
MinimumVisualStudioVersion = 10.0.40219.1
Project("{FAE04EC0-301F-11D3-BF4B-00C04F79EFBC}") = "ReportProgram", "ReportProgram\ReportProgram.csproj", "{084857D1-1E0C-4D71-9AF1-0D7F72F17420}"
EndProject
Global
	GlobalSection(SolutionConfigurationPlatforms) = preSolution
		Debug|Any CPU = Debug|Any CPU
		Release|Any CPU = Release|Any CPU
	EndGlobalSection
	GlobalSection(ProjectConfigurationPlatforms) = postSolution
		{084857D1-1E0C-4D71-9AF1-0D7F72F17420}.Debug|Any CPU.ActiveCfg = Debug|Any CPU
		{084857D1-1E0C-4D71-9AF1-0D7F72F17420}.Debug|Any CPU.Build.0 = Debug|Any CPU
		{084857D1-1E0C-4D71-9AF1-0D7F72F17420}.Release|Any CPU.ActiveCfg = Release|Any CPU
		{084857D1-1E0C-4D71-9AF1-0D7F72F17420}.Release|Any CPU.Build.0 = Release|Any CPU
	EndGlobalSection
	GlobalSection(SolutionProperties) = preSolution
		HideSolutionNode = FALSE
	EndGlobalSection
	GlobalSection(ExtensibilityGlobals) = postSolution
		SolutionGuid = {CE804099-60E8-47B2-A5EC-91F51B324083}
	EndGlobalSection
EndGlobal
